<Solution>
  <Project Path="AbyDemo.Cart/AbyDemo.Cart.API/AbyDemo.Cart.API.csproj" />
  <Project Path="AbyDemo.Cart/AbyDemo.Cart.Application/AbyDemo.Cart.Application.csproj" Id="18db2ec2-46ea-4bf2-8f33-a0a049d60025" />
  <Project Path="AbyDemo.Cart/AbyDemo.Cart.Domain/AbyDemo.Cart.Domain.csproj" />
  <Project Path="AbyDemo.Cart/AbyDemo.Cart.Infrastructure/AbyDemo.Cart.Infrastructure.csproj" Id="55c0a7f2-fdb0-4bbf-904b-57f90a546c61" />
</Solution>
